
Microsoft Visual Studio Solution File, Format Version 12.00
# Visual Studio Version 17
VisualStudioVersion = 17.4.33213.308
MinimumVisualStudioVersion = 10.0.40219.1
Project("{FAE04EC0-301F-11D3-BF4B-00C04F79EFBC}") = "practican2", "practican2.csproj", "{4E059870-FE28-4038-BFBB-67B954E730BE}"
EndProject
Global
	GlobalSection(SolutionConfigurationPlatforms) = preSolution
		Debug|Any CPU = Debug|Any CPU
		Release|Any CPU = Release|Any CPU
	EndGlobalSection
	GlobalSection(ProjectConfigurationPlatforms) = postSolution
		{4E059870-FE28-4038-BFBB-67B954E730BE}.Debug|Any CPU.ActiveCfg = Debug|Any CPU
		{4E059870-FE28-4038-BFBB-67B954E730BE}.Debug|Any CPU.Build.0 = Debug|Any CPU
		{4E059870-FE28-4038-BFBB-67B954E730BE}.Release|Any CPU.ActiveCfg = Release|Any CPU
		{4E059870-FE28-4038-BFBB-67B954E730BE}.Release|Any CPU.Build.0 = Release|Any CPU
	EndGlobalSection
	GlobalSection(SolutionProperties) = preSolution
		HideSolutionNode = FALSE
	EndGlobalSection
	GlobalSection(ExtensibilityGlobals) = postSolution
		SolutionGuid = {618CA4B2-C053-4F8F-929E-2F584274E400}
	EndGlobalSection
EndGlobal
